
Microsoft Visual Studio Solution File, Format Version 12.00
Project("{FAE04EC0-301F-11D3-BF4B-00C04F79EFBC}") = "EPS.Smartcart.Infrastructure", "EPS.Smartcart.Infrastructure\EPS.Smartcart.Infrastructure.csproj", "{44CC71BD-5BA3-47B9-8A8D-A2ABD472534E}"
EndProject
Project("{FAE04EC0-301F-11D3-BF4B-00C04F79EFBC}") = "EPS.Smartcart.Domain", "EPS.Smartcart.Domain\EPS.Smartcart.Domain.csproj", "{C39C04FF-1489-4FF4-B83F-C38CD1575B69}"
EndProject
Project("{FAE04EC0-301F-11D3-BF4B-00C04F79EFBC}") = "EPS.Smartcart.Application", "EPS.Smartcart.Application\EPS.Smartcart.Application.csproj", "{23C2DADC-AE14-443A-889C-1E401CF3C187}"
EndProject
Project("{FAE04EC0-301F-11D3-BF4B-00C04F79EFBC}") = "EPS.Smartcart.DTO", "EPS.Smartcart.DTO\EPS.Smartcart.DTO.csproj", "{85BA9A2D-15B4-4046-8651-97714C84543B}"
EndProject
Project("{FAE04EC0-301F-11D3-BF4B-00C04F79EFBC}") = "EPS.Smartcart.API", "EPS.Smartcart.API\EPS.Smartcart.API.csproj", "{36D4FC6C-E27A-4B5F-92FB-0136858E5F20}"
EndProject
Project("{FAE04EC0-301F-11D3-BF4B-00C04F79EFBC}") = "EPS.Smartcart.Tests", "EPS.Smartcart.Tests\EPS.Smartcart.Tests.csproj", "{54429BB1-BF72-4E70-8D6C-FEFC1F8442AA}"
EndProject
Global
	GlobalSection(SolutionConfigurationPlatforms) = preSolution
		Debug|Any CPU = Debug|Any CPU
		Release|Any CPU = Release|Any CPU
	EndGlobalSection
	GlobalSection(ProjectConfigurationPlatforms) = postSolution
		{44CC71BD-5BA3-47B9-8A8D-A2ABD472534E}.Debug|Any CPU.ActiveCfg = Debug|Any CPU
		{44CC71BD-5BA3-47B9-8A8D-A2ABD472534E}.Debug|Any CPU.Build.0 = Debug|Any CPU
		{44CC71BD-5BA3-47B9-8A8D-A2ABD472534E}.Release|Any CPU.ActiveCfg = Release|Any CPU
		{44CC71BD-5BA3-47B9-8A8D-A2ABD472534E}.Release|Any CPU.Build.0 = Release|Any CPU
		{C39C04FF-1489-4FF4-B83F-C38CD1575B69}.Debug|Any CPU.ActiveCfg = Debug|Any CPU
		{C39C04FF-1489-4FF4-B83F-C38CD1575B69}.Debug|Any CPU.Build.0 = Debug|Any CPU
		{C39C04FF-1489-4FF4-B83F-C38CD1575B69}.Release|Any CPU.ActiveCfg = Release|Any CPU
		{C39C04FF-1489-4FF4-B83F-C38CD1575B69}.Release|Any CPU.Build.0 = Release|Any CPU
		{23C2DADC-AE14-443A-889C-1E401CF3C187}.Debug|Any CPU.ActiveCfg = Debug|Any CPU
		{23C2DADC-AE14-443A-889C-1E401CF3C187}.Debug|Any CPU.Build.0 = Debug|Any CPU
		{23C2DADC-AE14-443A-889C-1E401CF3C187}.Release|Any CPU.ActiveCfg = Release|Any CPU
		{23C2DADC-AE14-443A-889C-1E401CF3C187}.Release|Any CPU.Build.0 = Release|Any CPU
		{85BA9A2D-15B4-4046-8651-97714C84543B}.Debug|Any CPU.ActiveCfg = Debug|Any CPU
		{85BA9A2D-15B4-4046-8651-97714C84543B}.Debug|Any CPU.Build.0 = Debug|Any CPU
		{85BA9A2D-15B4-4046-8651-97714C84543B}.Release|Any CPU.ActiveCfg = Release|Any CPU
		{85BA9A2D-15B4-4046-8651-97714C84543B}.Release|Any CPU.Build.0 = Release|Any CPU
		{36D4FC6C-E27A-4B5F-92FB-0136858E5F20}.Debug|Any CPU.ActiveCfg = Debug|Any CPU
		{36D4FC6C-E27A-4B5F-92FB-0136858E5F20}.Debug|Any CPU.Build.0 = Debug|Any CPU
		{36D4FC6C-E27A-4B5F-92FB-0136858E5F20}.Release|Any CPU.ActiveCfg = Release|Any CPU
		{36D4FC6C-E27A-4B5F-92FB-0136858E5F20}.Release|Any CPU.Build.0 = Release|Any CPU
		{54429BB1-BF72-4E70-8D6C-FEFC1F8442AA}.Debug|Any CPU.ActiveCfg = Debug|Any CPU
		{54429BB1-BF72-4E70-8D6C-FEFC1F8442AA}.Debug|Any CPU.Build.0 = Debug|Any CPU
		{54429BB1-BF72-4E70-8D6C-FEFC1F8442AA}.Release|Any CPU.ActiveCfg = Release|Any CPU
		{54429BB1-BF72-4E70-8D6C-FEFC1F8442AA}.Release|Any CPU.Build.0 = Release|Any CPU
	EndGlobalSection
EndGlobal
